Microsoft Visual Studio Solution File, Format Version 12.00
# Visual Studio 2012
Project("{FAE04EC0-301F-11D3-BF4B-00C04F79EFBC}") = "The Wheel", "The Wheel.csproj", "{FEEAFA91-FBD4-46E7-8667-46C993B1C4AB}"
EndProject
Global
	GlobalSection(SolutionConfigurationPlatforms) = preSolution
	Debug|Any CPU = Debug|Any CPU
	ExportDebug|Any CPU = ExportDebug|Any CPU
	ExportRelease|Any CPU = ExportRelease|Any CPU
	EndGlobalSection
	GlobalSection(ProjectConfigurationPlatforms) = postSolution
		{FEEAFA91-FBD4-46E7-8667-46C993B1C4AB}.Debug|Any CPU.ActiveCfg = Debug|Any CPU
		{FEEAFA91-FBD4-46E7-8667-46C993B1C4AB}.Debug|Any CPU.Build.0 = Debug|Any CPU
		{FEEAFA91-FBD4-46E7-8667-46C993B1C4AB}.ExportDebug|Any CPU.ActiveCfg = ExportDebug|Any CPU
		{FEEAFA91-FBD4-46E7-8667-46C993B1C4AB}.ExportDebug|Any CPU.Build.0 = ExportDebug|Any CPU
		{FEEAFA91-FBD4-46E7-8667-46C993B1C4AB}.ExportRelease|Any CPU.ActiveCfg = ExportRelease|Any CPU
		{FEEAFA91-FBD4-46E7-8667-46C993B1C4AB}.ExportRelease|Any CPU.Build.0 = ExportRelease|Any CPU
	EndGlobalSection
EndGlobal
